
Microsoft Visual Studio Solution File, Format Version 12.00
# Visual Studio Version 17
VisualStudioVersion = 17.8.34511.84
MinimumVisualStudioVersion = 10.0.40219.1
Project("{FAE04EC0-301F-11D3-BF4B-00C04F79EFBC}") = "Chromium363225675", "Chromium363225675\Chromium363225675.csproj", "{40B77A80-92E7-482F-96E5-CEC17D32A523}"
EndProject
Global
	GlobalSection(SolutionConfigurationPlatforms) = preSolution
		Debug|Any CPU = Debug|Any CPU
		Release|Any CPU = Release|Any CPU
	EndGlobalSection
	GlobalSection(ProjectConfigurationPlatforms) = postSolution
		{40B77A80-92E7-482F-96E5-CEC17D32A523}.Debug|Any CPU.ActiveCfg = Debug|Any CPU
		{40B77A80-92E7-482F-96E5-CEC17D32A523}.Debug|Any CPU.Build.0 = Debug|Any CPU
		{40B77A80-92E7-482F-96E5-CEC17D32A523}.Release|Any CPU.ActiveCfg = Release|Any CPU
		{40B77A80-92E7-482F-96E5-CEC17D32A523}.Release|Any CPU.Build.0 = Release|Any CPU
	EndGlobalSection
	GlobalSection(SolutionProperties) = preSolution
		HideSolutionNode = FALSE
	EndGlobalSection
	GlobalSection(ExtensibilityGlobals) = postSolution
		SolutionGuid = {3B2C3E9C-99F9-4245-9316-199B4427E562}
	EndGlobalSection
EndGlobal
